// !$*UTF8*$!
{
	archiveVersion = 1;
	classes = {
	};
	objectVersion = 56;
	objects = {

/* Begin PBXBuildFile section */
		0BABDDED1F4A890EFAB25DA1 /* Pods_SomnumTracker_SomnumTrackerUITests.framework in Frameworks */ = {isa = PBXBuildFile; fileRef = 54A48757D7E8E1B14AD40E8C /* Pods_SomnumTracker_SomnumTrackerUITests.framework */; };
		42ADC1E1738E5BC36C6D9C5D /* Pods_SomnumTrackerTests.framework in Frameworks */ = {isa = PBXBuildFile; fileRef = 197099603338BAC7C59B5129 /* Pods_SomnumTrackerTests.framework */; };
		AD23F6A929F049E4002B692F /* AppDelegate.swift in Sources */ = {isa = PBXBuildFile; fileRef = AD23F6A829F049E4002B692F /* AppDelegate.swift */; };
		AD23F6AB29F049E4002B692F /* SceneDelegate.swift in Sources */ = {isa = PBXBuildFile; fileRef = AD23F6AA29F049E4002B692F /* SceneDelegate.swift */; };
		AD23F6AD29F049E4002B692F /* HomeViewController.swift in Sources */ = {isa = PBXBuildFile; fileRef = AD23F6AC29F049E4002B692F /* HomeViewController.swift */; };
		AD23F6B029F049E4002B692F /* Main.storyboard in Resources */ = {isa = PBXBuildFile; fileRef = AD23F6AE29F049E4002B692F /* Main.storyboard */; };
		AD23F6B229F049E5002B692F /* Assets.xcassets in Resources */ = {isa = PBXBuildFile; fileRef = AD23F6B129F049E5002B692F /* Assets.xcassets */; };
		AD23F6B529F049E5002B692F /* LaunchScreen.storyboard in Resources */ = {isa = PBXBuildFile; fileRef = AD23F6B329F049E5002B692F /* LaunchScreen.storyboard */; };
		AD23F6C029F049E5002B692F /* SomnumTrackerTests.swift in Sources */ = {isa = PBXBuildFile; fileRef = AD23F6BF29F049E5002B692F /* SomnumTrackerTests.swift */; };
		AD23F6CA29F049E5002B692F /* SomnumTrackerUITests.swift in Sources */ = {isa = PBXBuildFile; fileRef = AD23F6C929F049E5002B692F /* SomnumTrackerUITests.swift */; };
		AD23F6CC29F049E5002B692F /* SomnumTrackerUITestsLaunchTests.swift in Sources */ = {isa = PBXBuildFile; fileRef = AD23F6CB29F049E5002B692F /* SomnumTrackerUITestsLaunchTests.swift */; };
		AD3042DA29F19B060024517D /* CustomColors.swift in Sources */ = {isa = PBXBuildFile; fileRef = AD3042D929F19B060024517D /* CustomColors.swift */; };
		AD3042DC29F1B4740024517D /* Limerick-Serial Regular.ttf in Resources */ = {isa = PBXBuildFile; fileRef = AD3042DB29F1B4740024517D /* Limerick-Serial Regular.ttf */; };
		AD3042DE29F1C51A0024517D /* SleepStatsViewCell.swift in Sources */ = {isa = PBXBuildFile; fileRef = AD3042DD29F1C51A0024517D /* SleepStatsViewCell.swift */; };
		AD3042E029F1C8570024517D /* SleepStats.swift in Sources */ = {isa = PBXBuildFile; fileRef = AD3042DF29F1C8570024517D /* SleepStats.swift */; };
		AD99B0F829FAE37300839C49 /* HomeViewModel.swift in Sources */ = {isa = PBXBuildFile; fileRef = AD99B0F729FAE37300839C49 /* HomeViewModel.swift */; };
		AD99B0FA29FAE3BE00839C49 /* ObservableObject.swift in Sources */ = {isa = PBXBuildFile; fileRef = AD99B0F929FAE3BE00839C49 /* ObservableObject.swift */; };
		AD99B10029FB387400839C49 /* SleepEntryAlert.swift in Sources */ = {isa = PBXBuildFile; fileRef = AD99B0FF29FB387400839C49 /* SleepEntryAlert.swift */; };
		ADBE1DD829F928A500B0EB48 /* SnapKit in Frameworks */ = {isa = PBXBuildFile; productRef = ADBE1DD729F928A500B0EB48 /* SnapKit */; };
		ADBE1DDA29F92AA500B0EB48 /* SleepStatsHistory.swift in Sources */ = {isa = PBXBuildFile; fileRef = ADBE1DD929F92AA500B0EB48 /* SleepStatsHistory.swift */; };
		F6DC62D760E703AA9A6D5672 /* Pods_SomnumTracker.framework in Frameworks */ = {isa = PBXBuildFile; fileRef = 27D68CA6DCC70F9A96721A8A /* Pods_SomnumTracker.framework */; };
/* End PBXBuildFile section */

/* Begin PBXContainerItemProxy section */
		AD23F6BC29F049E5002B692F /* PBXContainerItemProxy */ = {
			isa = PBXContainerItemProxy;
			containerPortal = AD23F69D29F049E4002B692F /* Project object */;
			proxyType = 1;
			remoteGlobalIDString = AD23F6A429F049E4002B692F;
			remoteInfo = SomnumTracker;
		};
		AD23F6C629F049E5002B692F /* PBXContainerItemProxy */ = {
			isa = PBXContainerItemProxy;
			containerPortal = AD23F69D29F049E4002B692F /* Project object */;
			proxyType = 1;
			remoteGlobalIDString = AD23F6A429F049E4002B692F;
			remoteInfo = SomnumTracker;
		};
/* End PBXContainerItemProxy section */

/* Begin PBXFileReference section */
		0101AA7AE235AF9661A6ED9F /* Pods-SomnumTracker-SomnumTrackerUITests.release.xcconfig */ = {isa = PBXFileReference; includeInIndex = 1; lastKnownFileType = text.xcconfig; name = "Pods-SomnumTracker-SomnumTrackerUITests.release.xcconfig"; path = "Target Support Files/Pods-SomnumTracker-SomnumTrackerUITests/Pods-SomnumTracker-SomnumTrackerUITests.release.xcconfig"; sourceTree = "<group>"; };
		197099603338BAC7C59B5129 /* Pods_SomnumTrackerTests.framework */ = {isa = PBXFileReference; explicitFileType = wrapper.framework; includeInIndex = 0; path = Pods_SomnumTrackerTests.framework; sourceTree = BUILT_PRODUCTS_DIR; };
		27D68CA6DCC70F9A96721A8A /* Pods_SomnumTracker.framework */ = {isa = PBXFileReference; explicitFileType = wrapper.framework; includeInIndex = 0; path = Pods_SomnumTracker.framework; sourceTree = BUILT_PRODUCTS_DIR; };
		54A48757D7E8E1B14AD40E8C /* Pods_SomnumTracker_SomnumTrackerUITests.framework */ = {isa = PBXFileReference; explicitFileType = wrapper.framework; includeInIndex = 0; path = Pods_SomnumTracker_SomnumTrackerUITests.framework; sourceTree = BUILT_PRODUCTS_DIR; };
		5A58ED1A1A842FA143F477EC /* Pods-SomnumTracker.debug.xcconfig */ = {isa = PBXFileReference; includeInIndex = 1; lastKnownFileType = text.xcconfig; name = "Pods-SomnumTracker.debug.xcconfig"; path = "Target Support Files/Pods-SomnumTracker/Pods-SomnumTracker.debug.xcconfig"; sourceTree = "<group>"; };
		677808D774C30E40DAC97B78 /* Pods-SomnumTracker.release.xcconfig */ = {isa = PBXFileReference; includeInIndex = 1; lastKnownFileType = text.xcconfig; name = "Pods-SomnumTracker.release.xcconfig"; path = "Target Support Files/Pods-SomnumTracker/Pods-SomnumTracker.release.xcconfig"; sourceTree = "<group>"; };
		ACFD33C5358FA2118F8FC91C /* Pods-SomnumTrackerTests.debug.xcconfig */ = {isa = PBXFileReference; includeInIndex = 1; lastKnownFileType = text.xcconfig; name = "Pods-SomnumTrackerTests.debug.xcconfig"; path = "Target Support Files/Pods-SomnumTrackerTests/Pods-SomnumTrackerTests.debug.xcconfig"; sourceTree = "<group>"; };
		AD23F6A529F049E4002B692F /* SomnumTracker.app */ = {isa = PBXFileReference; explicitFileType = wrapper.application; includeInIndex = 0; path = SomnumTracker.app; sourceTree = BUILT_PRODUCTS_DIR; };
		AD23F6A829F049E4002B692F /* AppDelegate.swift */ = {isa = PBXFileReference; lastKnownFileType = sourcecode.swift; path = AppDelegate.swift; sourceTree = "<group>"; };
		AD23F6AA29F049E4002B692F /* SceneDelegate.swift */ = {isa = PBXFileReference; lastKnownFileType = sourcecode.swift; path = SceneDelegate.swift; sourceTree = "<group>"; };
		AD23F6AC29F049E4002B692F /* HomeViewController.swift */ = {isa = PBXFileReference; lastKnownFileType = sourcecode.swift; path = HomeViewController.swift; sourceTree = "<group>"; };
		AD23F6AF29F049E4002B692F /* Base */ = {isa = PBXFileReference; lastKnownFileType = file.storyboard; name = Base; path = Base.lproj/Main.storyboard; sourceTree = "<group>"; };
		AD23F6B129F049E5002B692F /* Assets.xcassets */ = {isa = PBXFileReference; lastKnownFileType = folder.assetcatalog; path = Assets.xcassets; sourceTree = "<group>"; };
		AD23F6B429F049E5002B692F /* Base */ = {isa = PBXFileReference; lastKnownFileType = file.storyboard; name = Base; path = Base.lproj/LaunchScreen.storyboard; sourceTree = "<group>"; };
		AD23F6B629F049E5002B692F /* Info.plist */ = {isa = PBXFileReference; lastKnownFileType = text.plist.xml; path = Info.plist; sourceTree = "<group>"; };
		AD23F6BB29F049E5002B692F /* SomnumTrackerTests.xctest */ = {isa = PBXFileReference; explicitFileType = wrapper.cfbundle; includeInIndex = 0; path = SomnumTrackerTests.xctest; sourceTree = BUILT_PRODUCTS_DIR; };
		AD23F6BF29F049E5002B692F /* SomnumTrackerTests.swift */ = {isa = PBXFileReference; lastKnownFileType = sourcecode.swift; path = SomnumTrackerTests.swift; sourceTree = "<group>"; };
		AD23F6C529F049E5002B692F /* SomnumTrackerUITests.xctest */ = {isa = PBXFileReference; explicitFileType = wrapper.cfbundle; includeInIndex = 0; path = SomnumTrackerUITests.xctest; sourceTree = BUILT_PRODUCTS_DIR; };
		AD23F6C929F049E5002B692F /* SomnumTrackerUITests.swift */ = {isa = PBXFileReference; lastKnownFileType = sourcecode.swift; path = SomnumTrackerUITests.swift; sourceTree = "<group>"; };
		AD23F6CB29F049E5002B692F /* SomnumTrackerUITestsLaunchTests.swift */ = {isa = PBXFileReference; lastKnownFileType = sourcecode.swift; path = SomnumTrackerUITestsLaunchTests.swift; sourceTree = "<group>"; };
		AD3042D929F19B060024517D /* CustomColors.swift */ = {isa = PBXFileReference; lastKnownFileType = sourcecode.swift; path = CustomColors.swift; sourceTree = "<group>"; };
		AD3042DB29F1B4740024517D /* Limerick-Serial Regular.ttf */ = {isa = PBXFileReference; lastKnownFileType = file; name = "Limerick-Serial Regular.ttf"; path = "SomnumTracker/Limerick-Serial Regular.ttf"; sourceTree = "<group>"; };
		AD3042DD29F1C51A0024517D /* SleepStatsViewCell.swift */ = {isa = PBXFileReference; lastKnownFileType = sourcecode.swift; path = SleepStatsViewCell.swift; sourceTree = "<group>"; };
		AD3042DF29F1C8570024517D /* SleepStats.swift */ = {isa = PBXFileReference; lastKnownFileType = sourcecode.swift; path = SleepStats.swift; sourceTree = "<group>"; };
		AD99B0F729FAE37300839C49 /* HomeViewModel.swift */ = {isa = PBXFileReference; lastKnownFileType = sourcecode.swift; path = HomeViewModel.swift; sourceTree = "<group>"; };
		AD99B0F929FAE3BE00839C49 /* ObservableObject.swift */ = {isa = PBXFileReference; lastKnownFileType = sourcecode.swift; path = ObservableObject.swift; sourceTree = "<group>"; };
		AD99B0FF29FB387400839C49 /* SleepEntryAlert.swift */ = {isa = PBXFileReference; lastKnownFileType = sourcecode.swift; path = SleepEntryAlert.swift; sourceTree = "<group>"; };
		ADBE1DD929F92AA500B0EB48 /* SleepStatsHistory.swift */ = {isa = PBXFileReference; lastKnownFileType = sourcecode.swift; path = SleepStatsHistory.swift; sourceTree = "<group>"; };
		E78B2BD8C596B72087D3C5F8 /* Pods-SomnumTrackerTests.release.xcconfig */ = {isa = PBXFileReference; includeInIndex = 1; lastKnownFileType = text.xcconfig; name = "Pods-SomnumTrackerTests.release.xcconfig"; path = "Target Support Files/Pods-SomnumTrackerTests/Pods-SomnumTrackerTests.release.xcconfig"; sourceTree = "<group>"; };
		F1F768AD73CF790FB0B41F8C /* Pods-SomnumTracker-SomnumTrackerUITests.debug.xcconfig */ = {isa = PBXFileReference; includeInIndex = 1; lastKnownFileType = text.xcconfig; name = "Pods-SomnumTracker-SomnumTrackerUITests.debug.xcconfig"; path = "Target Support Files/Pods-SomnumTracker-SomnumTrackerUITests/Pods-SomnumTracker-SomnumTrackerUITests.debug.xcconfig"; sourceTree = "<group>"; };
/* End PBXFileReference section */

/* Begin PBXFrameworksBuildPhase section */
		AD23F6A229F049E4002B692F /* Frameworks */ = {
			isa = PBXFrameworksBuildPhase;
			buildActionMask = 2147483647;
			files = (
				ADBE1DD829F928A500B0EB48 /* SnapKit in Frameworks */,
				F6DC62D760E703AA9A6D5672 /* Pods_SomnumTracker.framework in Frameworks */,
			);
			runOnlyForDeploymentPostprocessing = 0;
		};
		AD23F6B829F049E5002B692F /* Frameworks */ = {
			isa = PBXFrameworksBuildPhase;
			buildActionMask = 2147483647;
			files = (
				42ADC1E1738E5BC36C6D9C5D /* Pods_SomnumTrackerTests.framework in Frameworks */,
			);
			runOnlyForDeploymentPostprocessing = 0;
		};
		AD23F6C229F049E5002B692F /* Frameworks */ = {
			isa = PBXFrameworksBuildPhase;
			buildActionMask = 2147483647;
			files = (
				0BABDDED1F4A890EFAB25DA1 /* Pods_SomnumTracker_SomnumTrackerUITests.framework in Frameworks */,
			);
			runOnlyForDeploymentPostprocessing = 0;
		};
/* End PBXFrameworksBuildPhase section */

/* Begin PBXGroup section */
		0FCEF92569D867D1A7CC06CF /* Frameworks */ = {
			isa = PBXGroup;
			children = (
				27D68CA6DCC70F9A96721A8A /* Pods_SomnumTracker.framework */,
				54A48757D7E8E1B14AD40E8C /* Pods_SomnumTracker_SomnumTrackerUITests.framework */,
				197099603338BAC7C59B5129 /* Pods_SomnumTrackerTests.framework */,
			);
			name = Frameworks;
			sourceTree = "<group>";
		};
		AD23F69C29F049E4002B692F = {
			isa = PBXGroup;
			children = (
				AD3042DB29F1B4740024517D /* Limerick-Serial Regular.ttf */,
				AD23F6A729F049E4002B692F /* SomnumTracker */,
				AD23F6BE29F049E5002B692F /* SomnumTrackerTests */,
				AD23F6C829F049E5002B692F /* SomnumTrackerUITests */,
				AD23F6A629F049E4002B692F /* Products */,
				DEC40823561363691C7E1D00 /* Pods */,
				0FCEF92569D867D1A7CC06CF /* Frameworks */,
			);
			sourceTree = "<group>";
		};
		AD23F6A629F049E4002B692F /* Products */ = {
			isa = PBXGroup;
			children = (
				AD23F6A529F049E4002B692F /* SomnumTracker.app */,
				AD23F6BB29F049E5002B692F /* SomnumTrackerTests.xctest */,
				AD23F6C529F049E5002B692F /* SomnumTrackerUITests.xctest */,
			);
			name = Products;
			sourceTree = "<group>";
		};
		AD23F6A729F049E4002B692F /* SomnumTracker */ = {
			isa = PBXGroup;
			children = (
				AD23F6A829F049E4002B692F /* AppDelegate.swift */,
				AD23F6AA29F049E4002B692F /* SceneDelegate.swift */,
				AD7A446829F1382700547046 /* Helpers */,
				AD7A446529F137EB00547046 /* Models */,
				AD7A446729F1380C00547046 /* Views */,
				AD7A446629F137F100547046 /* ViewModels */,
				AD7A446429F137E500547046 /* Services */,
				AD23F6B129F049E5002B692F /* Assets.xcassets */,
				AD23F6B629F049E5002B692F /* Info.plist */,
			);
			path = SomnumTracker;
			sourceTree = "<group>";
		};
		AD23F6BE29F049E5002B692F /* SomnumTrackerTests */ = {
			isa = PBXGroup;
			children = (
				AD23F6BF29F049E5002B692F /* SomnumTrackerTests.swift */,
			);
			path = SomnumTrackerTests;
			sourceTree = "<group>";
		};
		AD23F6C829F049E5002B692F /* SomnumTrackerUITests */ = {
			isa = PBXGroup;
			children = (
				AD23F6C929F049E5002B692F /* SomnumTrackerUITests.swift */,
				AD23F6CB29F049E5002B692F /* SomnumTrackerUITestsLaunchTests.swift */,
			);
			path = SomnumTrackerUITests;
			sourceTree = "<group>";
		};
		AD7A446429F137E500547046 /* Services */ = {
			isa = PBXGroup;
			children = (
			);
			path = Services;
			sourceTree = "<group>";
		};
		AD7A446529F137EB00547046 /* Models */ = {
			isa = PBXGroup;
			children = (
				AD3042DF29F1C8570024517D /* SleepStats.swift */,
			);
			path = Models;
			sourceTree = "<group>";
		};
		AD7A446629F137F100547046 /* ViewModels */ = {
			isa = PBXGroup;
			children = (
				AD99B0F729FAE37300839C49 /* HomeViewModel.swift */,
			);
			path = ViewModels;
			sourceTree = "<group>";
		};
		AD7A446729F1380C00547046 /* Views */ = {
			isa = PBXGroup;
			children = (
				AD8B835629FD732D003AC53E /* Controllers */,
				AD8B835729FD733A003AC53E /* Storyboard */,
			);
			path = Views;
			sourceTree = "<group>";
		};
		AD7A446829F1382700547046 /* Helpers */ = {
			isa = PBXGroup;
			children = (
				AD3042D929F19B060024517D /* CustomColors.swift */,
				AD99B0F929FAE3BE00839C49 /* ObservableObject.swift */,
			);
			path = Helpers;
			sourceTree = "<group>";
		};
		AD8B835629FD732D003AC53E /* Controllers */ = {
			isa = PBXGroup;
			children = (
				AD23F6AC29F049E4002B692F /* HomeViewController.swift */,
				AD3042DD29F1C51A0024517D /* SleepStatsViewCell.swift */,
				ADBE1DD929F92AA500B0EB48 /* SleepStatsHistory.swift */,
				AD99B0FF29FB387400839C49 /* SleepEntryAlert.swift */,
			);
			path = Controllers;
			sourceTree = "<group>";
		};
		AD8B835729FD733A003AC53E /* Storyboard */ = {
			isa = PBXGroup;
			children = (
				AD23F6AE29F049E4002B692F /* Main.storyboard */,
				AD23F6B329F049E5002B692F /* LaunchScreen.storyboard */,
			);
			path = Storyboard;
			sourceTree = "<group>";
		};
		DEC40823561363691C7E1D00 /* Pods */ = {
			isa = PBXGroup;
			children = (
				5A58ED1A1A842FA143F477EC /* Pods-SomnumTracker.debug.xcconfig */,
				677808D774C30E40DAC97B78 /* Pods-SomnumTracker.release.xcconfig */,
				F1F768AD73CF790FB0B41F8C /* Pods-SomnumTracker-SomnumTrackerUITests.debug.xcconfig */,
				0101AA7AE235AF9661A6ED9F /* Pods-SomnumTracker-SomnumTrackerUITests.release.xcconfig */,
				ACFD33C5358FA2118F8FC91C /* Pods-SomnumTrackerTests.debug.xcconfig */,
				E78B2BD8C596B72087D3C5F8 /* Pods-SomnumTrackerTests.release.xcconfig */,
			);
			name = Pods;
			path = Pods;
			sourceTree = "<group>";
		};
/* End PBXGroup section */

/* Begin PBXNativeTarget section */
		AD23F6A429F049E4002B692F /* SomnumTracker */ = {
			isa = PBXNativeTarget;
			buildConfigurationList = AD23F6CF29F049E5002B692F /* Build configuration list for PBXNativeTarget "SomnumTracker" */;
			buildPhases = (
				377C9553271B66FE505F6C9C /* [CP] Check Pods Manifest.lock */,
				AD23F6A129F049E4002B692F /* Sources */,
				AD23F6A229F049E4002B692F /* Frameworks */,
				AD23F6A329F049E4002B692F /* Resources */,
				2C6875206A25227B969D2D14 /* [CP] Embed Pods Frameworks */,
			);
			buildRules = (
			);
			dependencies = (
			);
			name = SomnumTracker;
			packageProductDependencies = (
				ADBE1DD729F928A500B0EB48 /* SnapKit */,
			);
			productName = SomnumTracker;
			productReference = AD23F6A529F049E4002B692F /* SomnumTracker.app */;
			productType = "com.apple.product-type.application";
		};
		AD23F6BA29F049E5002B692F /* SomnumTrackerTests */ = {
			isa = PBXNativeTarget;
			buildConfigurationList = AD23F6D229F049E5002B692F /* Build configuration list for PBXNativeTarget "SomnumTrackerTests" */;
			buildPhases = (
				839133F4FB005B548600DA39 /* [CP] Check Pods Manifest.lock */,
				AD23F6B729F049E5002B692F /* Sources */,
				AD23F6B829F049E5002B692F /* Frameworks */,
				AD23F6B929F049E5002B692F /* Resources */,
			);
			buildRules = (
			);
			dependencies = (
				AD23F6BD29F049E5002B692F /* PBXTargetDependency */,
			);
			name = SomnumTrackerTests;
			productName = SomnumTrackerTests;
			productReference = AD23F6BB29F049E5002B692F /* SomnumTrackerTests.xctest */;
			productType = "com.apple.product-type.bundle.unit-test";
		};
		AD23F6C429F049E5002B692F /* SomnumTrackerUITests */ = {
			isa = PBXNativeTarget;
			buildConfigurationList = AD23F6D529F049E5002B692F /* Build configuration list for PBXNativeTarget "SomnumTrackerUITests" */;
			buildPhases = (
				9FCBDFD8AA49E60684BB4C18 /* [CP] Check Pods Manifest.lock */,
				AD23F6C129F049E5002B692F /* Sources */,
				AD23F6C229F049E5002B692F /* Frameworks */,
				AD23F6C329F049E5002B692F /* Resources */,
				2862EDD87D10D0A3013E98D6 /* [CP] Embed Pods Frameworks */,
			);
			buildRules = (
			);
			dependencies = (
				AD23F6C729F049E5002B692F /* PBXTargetDependency */,
			);
			name = SomnumTrackerUITests;
			productName = SomnumTrackerUITests;
			productReference = AD23F6C529F049E5002B692F /* SomnumTrackerUITests.xctest */;
			productType = "com.apple.product-type.bundle.ui-testing";
		};
/* End PBXNativeTarget section */

/* Begin PBXProject section */
		AD23F69D29F049E4002B692F /* Project object */ = {
			isa = PBXProject;
			attributes = {
				BuildIndependentTargetsInParallel = 1;
				LastSwiftUpdateCheck = 1430;
				LastUpgradeCheck = 1430;
				TargetAttributes = {
					AD23F6A429F049E4002B692F = {
						CreatedOnToolsVersion = 14.3;
					};
					AD23F6BA29F049E5002B692F = {
						CreatedOnToolsVersion = 14.3;
						TestTargetID = AD23F6A429F049E4002B692F;
					};
					AD23F6C429F049E5002B692F = {
						CreatedOnToolsVersion = 14.3;
						TestTargetID = AD23F6A429F049E4002B692F;
					};
				};
			};
			buildConfigurationList = AD23F6A029F049E4002B692F /* Build configuration list for PBXProject "SomnumTracker" */;
			compatibilityVersion = "Xcode 14.0";
			developmentRegion = en;
			hasScannedForEncodings = 0;
			knownRegions = (
				en,
				Base,
			);
			mainGroup = AD23F69C29F049E4002B692F;
			packageReferences = (
				ADBE1DD629F928A500B0EB48 /* XCRemoteSwiftPackageReference "SnapKit.git" */,
			);
			productRefGroup = AD23F6A629F049E4002B692F /* Products */;
			projectDirPath = "";
			projectRoot = "";
			targets = (
				AD23F6A429F049E4002B692F /* SomnumTracker */,
				AD23F6BA29F049E5002B692F /* SomnumTrackerTests */,
				AD23F6C429F049E5002B692F /* SomnumTrackerUITests */,
			);
		};
/* End PBXProject section */

/* Begin PBXResourcesBuildPhase section */
		AD23F6A329F049E4002B692F /* Resources */ = {
			isa = PBXResourcesBuildPhase;
			buildActionMask = 2147483647;
			files = (
				AD23F6B529F049E5002B692F /* LaunchScreen.storyboard in Resources */,
				AD23F6B229F049E5002B692F /* Assets.xcassets in Resources */,
				AD3042DC29F1B4740024517D /* Limerick-Serial Regular.ttf in Resources */,
				AD23F6B029F049E4002B692F /* Main.storyboard in Resources */,
			);
			runOnlyForDeploymentPostprocessing = 0;
		};
		AD23F6B929F049E5002B692F /* Resources */ = {
			isa = PBXResourcesBuildPhase;
			buildActionMask = 2147483647;
			files = (
			);
			runOnlyForDeploymentPostprocessing = 0;
		};
		AD23F6C329F049E5002B692F /* Resources */ = {
			isa = PBXResourcesBuildPhase;
			buildActionMask = 2147483647;
			files = (
			);
			runOnlyForDeploymentPostprocessing = 0;
		};
/* End PBXResourcesBuildPhase section */

/* Begin PBXShellScriptBuildPhase section */
		2862EDD87D10D0A3013E98D6 /* [CP] Embed Pods Frameworks */ = {
			isa = PBXShellScriptBuildPhase;
			buildActionMask = 2147483647;
			files = (
			);
			inputFileListPaths = (
				"${PODS_ROOT}/Target Support Files/Pods-SomnumTracker-SomnumTrackerUITests/Pods-SomnumTracker-SomnumTrackerUITests-frameworks-${CONFIGURATION}-input-files.xcfilelist",
			);
			name = "[CP] Embed Pods Frameworks";
			outputFileListPaths = (
				"${PODS_ROOT}/Target Support Files/Pods-SomnumTracker-SomnumTrackerUITests/Pods-SomnumTracker-SomnumTrackerUITests-frameworks-${CONFIGURATION}-output-files.xcfilelist",
			);
			runOnlyForDeploymentPostprocessing = 0;
			shellPath = /bin/sh;
			shellScript = "\"${PODS_ROOT}/Target Support Files/Pods-SomnumTracker-SomnumTrackerUITests/Pods-SomnumTracker-SomnumTrackerUITests-frameworks.sh\"\n";
			showEnvVarsInLog = 0;
		};
		2C6875206A25227B969D2D14 /* [CP] Embed Pods Frameworks */ = {
			isa = PBXShellScriptBuildPhase;
			buildActionMask = 2147483647;
			files = (
			);
			inputFileListPaths = (
				"${PODS_ROOT}/Target Support Files/Pods-SomnumTracker/Pods-SomnumTracker-frameworks-${CONFIGURATION}-input-files.xcfilelist",
			);
			name = "[CP] Embed Pods Frameworks";
			outputFileListPaths = (
				"${PODS_ROOT}/Target Support Files/Pods-SomnumTracker/Pods-SomnumTracker-frameworks-${CONFIGURATION}-output-files.xcfilelist",
			);
			runOnlyForDeploymentPostprocessing = 0;
			shellPath = /bin/sh;
			shellScript = "\"${PODS_ROOT}/Target Support Files/Pods-SomnumTracker/Pods-SomnumTracker-frameworks.sh\"\n";
			showEnvVarsInLog = 0;
		};
		377C9553271B66FE505F6C9C /* [CP] Check Pods Manifest.lock */ = {
			isa = PBXShellScriptBuildPhase;
			buildActionMask = 2147483647;
			files = (
			);
			inputFileListPaths = (
			);
			inputPaths = (
				"${PODS_PODFILE_DIR_PATH}/Podfile.lock",
				"${PODS_ROOT}/Manifest.lock",
			);
			name = "[CP] Check Pods Manifest.lock";
			outputFileListPaths = (
			);
			outputPaths = (
				"$(DERIVED_FILE_DIR)/Pods-SomnumTracker-checkManifestLockResult.txt",
			);
			runOnlyForDeploymentPostprocessing = 0;
			shellPath = /bin/sh;
			shellScript = "diff \"${PODS_PODFILE_DIR_PATH}/Podfile.lock\" \"${PODS_ROOT}/Manifest.lock\" > /dev/null\nif [ $? != 0 ] ; then\n    # print error to STDERR\n    echo \"error: The sandbox is not in sync with the Podfile.lock. Run 'pod install' or update your CocoaPods installation.\" >&2\n    exit 1\nfi\n# This output is used by Xcode 'outputs' to avoid re-running this script phase.\necho \"SUCCESS\" > \"${SCRIPT_OUTPUT_FILE_0}\"\n";
			showEnvVarsInLog = 0;
		};
		839133F4FB005B548600DA39 /* [CP] Check Pods Manifest.lock */ = {
			isa = PBXShellScriptBuildPhase;
			buildActionMask = 2147483647;
			files = (
			);
			inputFileListPaths = (
			);
			inputPaths = (
				"${PODS_PODFILE_DIR_PATH}/Podfile.lock",
				"${PODS_ROOT}/Manifest.lock",
			);
			name = "[CP] Check Pods Manifest.lock";
			outputFileListPaths = (
			);
			outputPaths = (
				"$(DERIVED_FILE_DIR)/Pods-SomnumTrackerTests-checkManifestLockResult.txt",
			);
			runOnlyForDeploymentPostprocessing = 0;
			shellPath = /bin/sh;
			shellScript = "diff \"${PODS_PODFILE_DIR_PATH}/Podfile.lock\" \"${PODS_ROOT}/Manifest.lock\" > /dev/null\nif [ $? != 0 ] ; then\n    # print error to STDERR\n    echo \"error: The sandbox is not in sync with the Podfile.lock. Run 'pod install' or update your CocoaPods installation.\" >&2\n    exit 1\nfi\n# This output is used by Xcode 'outputs' to avoid re-running this script phase.\necho \"SUCCESS\" > \"${SCRIPT_OUTPUT_FILE_0}\"\n";
			showEnvVarsInLog = 0;
		};
		9FCBDFD8AA49E60684BB4C18 /* [CP] Check Pods Manifest.lock */ = {
			isa = PBXShellScriptBuildPhase;
			buildActionMask = 2147483647;
			files = (
			);
			inputFileListPaths = (
			);
			inputPaths = (
				"${PODS_PODFILE_DIR_PATH}/Podfile.lock",
				"${PODS_ROOT}/Manifest.lock",
			);
			name = "[CP] Check Pods Manifest.lock";
			outputFileListPaths = (
			);
			outputPaths = (
				"$(DERIVED_FILE_DIR)/Pods-SomnumTracker-SomnumTrackerUITests-checkManifestLockResult.txt",
			);
			runOnlyForDeploymentPostprocessing = 0;
			shellPath = /bin/sh;
			shellScript = "diff \"${PODS_PODFILE_DIR_PATH}/Podfile.lock\" \"${PODS_ROOT}/Manifest.lock\" > /dev/null\nif [ $? != 0 ] ; then\n    # print error to STDERR\n    echo \"error: The sandbox is not in sync with the Podfile.lock. Run 'pod install' or update your CocoaPods installation.\" >&2\n    exit 1\nfi\n# This output is used by Xcode 'outputs' to avoid re-running this script phase.\necho \"SUCCESS\" > \"${SCRIPT_OUTPUT_FILE_0}\"\n";
			showEnvVarsInLog = 0;
		};
/* End PBXShellScriptBuildPhase section */

/* Begin PBXSourcesBuildPhase section */
		AD23F6A129F049E4002B692F /* Sources */ = {
			isa = PBXSourcesBuildPhase;
			buildActionMask = 2147483647;
			files = (
				AD23F6AD29F049E4002B692F /* HomeViewController.swift in Sources */,
				AD3042E029F1C8570024517D /* SleepStats.swift in Sources */,
				AD23F6A929F049E4002B692F /* AppDelegate.swift in Sources */,
				AD99B10029FB387400839C49 /* SleepEntryAlert.swift in Sources */,
				AD99B0F829FAE37300839C49 /* HomeViewModel.swift in Sources */,
				ADBE1DDA29F92AA500B0EB48 /* SleepStatsHistory.swift in Sources */,
				AD3042DA29F19B060024517D /* CustomColors.swift in Sources */,
				AD23F6AB29F049E4002B692F /* SceneDelegate.swift in Sources */,
				AD3042DE29F1C51A0024517D /* SleepStatsViewCell.swift in Sources */,
				AD99B0FA29FAE3BE00839C49 /* ObservableObject.swift in Sources */,
			);
			runOnlyForDeploymentPostprocessing = 0;
		};
		AD23F6B729F049E5002B692F /* Sources */ = {
			isa = PBXSourcesBuildPhase;
			buildActionMask = 2147483647;
			files = (
				AD23F6C029F049E5002B692F /* SomnumTrackerTests.swift in Sources */,
			);
			runOnlyForDeploymentPostprocessing = 0;
		};
		AD23F6C129F049E5002B692F /* Sources */ = {
			isa = PBXSourcesBuildPhase;
			buildActionMask = 2147483647;
			files = (
				AD23F6CC29F049E5002B692F /* SomnumTrackerUITestsLaunchTests.swift in Sources */,
				AD23F6CA29F049E5002B692F /* SomnumTrackerUITests.swift in Sources */,
			);
			runOnlyForDeploymentPostprocessing = 0;
		};
/* End PBXSourcesBuildPhase section */

/* Begin PBXTargetDependency section */
		AD23F6BD29F049E5002B692F /* PBXTargetDependency */ = {
			isa = PBXTargetDependency;
			target = AD23F6A429F049E4002B692F /* SomnumTracker */;
			targetProxy = AD23F6BC29F049E5002B692F /* PBXContainerItemProxy */;
		};
		AD23F6C729F049E5002B692F /* PBXTargetDependency */ = {
			isa = PBXTargetDependency;
			target = AD23F6A429F049E4002B692F /* SomnumTracker */;
			targetProxy = AD23F6C629F049E5002B692F /* PBXContainerItemProxy */;
		};
/* End PBXTargetDependency section */

/* Begin PBXVariantGroup section */
		AD23F6AE29F049E4002B692F /* Main.storyboard */ = {
			isa = PBXVariantGroup;
			children = (
				AD23F6AF29F049E4002B692F /* Base */,
			);
			name = Main.storyboard;
			sourceTree = "<group>";
		};
		AD23F6B329F049E5002B692F /* LaunchScreen.storyboard */ = {
			isa = PBXVariantGroup;
			children = (
				AD23F6B429F049E5002B692F /* Base */,
			);
			name = LaunchScreen.storyboard;
			sourceTree = "<group>";
		};
/* End PBXVariantGroup section */

/* Begin XCBuildConfiguration section */
		AD23F6CD29F049E5002B692F /* Debug */ = {
			isa = XCBuildConfiguration;
			buildSettings = {
				ALWAYS_SEARCH_USER_PATHS = NO;
				CLANG_ANALYZER_NONNULL = YES;
				CLANG_ANALYZER_NUMBER_OBJECT_CONVERSION = YES_AGGRESSIVE;
				CLANG_CXX_LANGUAGE_STANDARD = "gnu++20";
				CLANG_ENABLE_MODULES = YES;
				CLANG_ENABLE_OBJC_ARC = YES;
				CLANG_ENABLE_OBJC_WEAK = YES;
				CLANG_WARN_BLOCK_CAPTURE_AUTORELEASING = YES;
				CLANG_WARN_BOOL_CONVERSION = YES;
				CLANG_WARN_COMMA = YES;
				CLANG_WARN_CONSTANT_CONVERSION = YES;
				CLANG_WARN_DEPRECATED_OBJC_IMPLEMENTATIONS = YES;
				CLANG_WARN_DIRECT_OBJC_ISA_USAGE = YES_ERROR;
				CLANG_WARN_DOCUMENTATION_COMMENTS = YES;
				CLANG_WARN_EMPTY_BODY = YES;
				CLANG_WARN_ENUM_CONVERSION = YES;
				CLANG_WARN_INFINITE_RECURSION = YES;
				CLANG_WARN_INT_CONVERSION = YES;
				CLANG_WARN_NON_LITERAL_NULL_CONVERSION = YES;
				CLANG_WARN_OBJC_IMPLICIT_RETAIN_SELF = YES;
				CLANG_WARN_OBJC_LITERAL_CONVERSION = YES;
				CLANG_WARN_OBJC_ROOT_CLASS = YES_ERROR;
				CLANG_WARN_QUOTED_INCLUDE_IN_FRAMEWORK_HEADER = YES;
				CLANG_WARN_RANGE_LOOP_ANALYSIS = YES;
				CLANG_WARN_STRICT_PROTOTYPES = YES;
				CLANG_WARN_SUSPICIOUS_MOVE = YES;
				CLANG_WARN_UNGUARDED_AVAILABILITY = YES_AGGRESSIVE;
				CLANG_WARN_UNREACHABLE_CODE = YES;
				CLANG_WARN__DUPLICATE_METHOD_MATCH = YES;
				COPY_PHASE_STRIP = NO;
				DEBUG_INFORMATION_FORMAT = dwarf;
				ENABLE_STRICT_OBJC_MSGSEND = YES;
				ENABLE_TESTABILITY = YES;
				GCC_C_LANGUAGE_STANDARD = gnu11;
				GCC_DYNAMIC_NO_PIC = NO;
				GCC_NO_COMMON_BLOCKS = YES;
				GCC_OPTIMIZATION_LEVEL = 0;
				GCC_PREPROCESSOR_DEFINITIONS = (
					"DEBUG=1",
					"$(inherited)",
				);
				GCC_WARN_64_TO_32_BIT_CONVERSION = YES;
				GCC_WARN_ABOUT_RETURN_TYPE = YES_ERROR;
				GCC_WARN_UNDECLARED_SELECTOR = YES;
				GCC_WARN_UNINITIALIZED_AUTOS = YES_AGGRESSIVE;
				GCC_WARN_UNUSED_FUNCTION = YES;
				GCC_WARN_UNUSED_VARIABLE = YES;
				IPHONEOS_DEPLOYMENT_TARGET = 16.4;
				MTL_ENABLE_DEBUG_INFO = INCLUDE_SOURCE;
				MTL_FAST_MATH = YES;
				ONLY_ACTIVE_ARCH = YES;
				SDKROOT = iphoneos;
				SWIFT_ACTIVE_COMPILATION_CONDITIONS = DEBUG;
				SWIFT_OPTIMIZATION_LEVEL = "-Onone";
			};
			name = Debug;
		};
		AD23F6CE29F049E5002B692F /* Release */ = {
			isa = XCBuildConfiguration;
			buildSettings = {
				ALWAYS_SEARCH_USER_PATHS = NO;
				CLANG_ANALYZER_NONNULL = YES;
				CLANG_ANALYZER_NUMBER_OBJECT_CONVERSION = YES_AGGRESSIVE;
				CLANG_CXX_LANGUAGE_STANDARD = "gnu++20";
				CLANG_ENABLE_MODULES = YES;
				CLANG_ENABLE_OBJC_ARC = YES;
				CLANG_ENABLE_OBJC_WEAK = YES;
				CLANG_WARN_BLOCK_CAPTURE_AUTORELEASING = YES;
				CLANG_WARN_BOOL_CONVERSION = YES;
				CLANG_WARN_COMMA = YES;
				CLANG_WARN_CONSTANT_CONVERSION = YES;
				CLANG_WARN_DEPRECATED_OBJC_IMPLEMENTATIONS = YES;
				CLANG_WARN_DIRECT_OBJC_ISA_USAGE = YES_ERROR;
				CLANG_WARN_DOCUMENTATION_COMMENTS = YES;
				CLANG_WARN_EMPTY_BODY = YES;
				CLANG_WARN_ENUM_CONVERSION = YES;
				CLANG_WARN_INFINITE_RECURSION = YES;
				CLANG_WARN_INT_CONVERSION = YES;
				CLANG_WARN_NON_LITERAL_NULL_CONVERSION = YES;
				CLANG_WARN_OBJC_IMPLICIT_RETAIN_SELF = YES;
				CLANG_WARN_OBJC_LITERAL_CONVERSION = YES;
				CLANG_WARN_OBJC_ROOT_CLASS = YES_ERROR;
				CLANG_WARN_QUOTED_INCLUDE_IN_FRAMEWORK_HEADER = YES;
				CLANG_WARN_RANGE_LOOP_ANALYSIS = YES;
				CLANG_WARN_STRICT_PROTOTYPES = YES;
				CLANG_WARN_SUSPICIOUS_MOVE = YES;
				CLANG_WARN_UNGUARDED_AVAILABILITY = YES_AGGRESSIVE;
				CLANG_WARN_UNREACHABLE_CODE = YES;
				CLANG_WARN__DUPLICATE_METHOD_MATCH = YES;
				COPY_PHASE_STRIP = NO;
				DEBUG_INFORMATION_FORMAT = "dwarf-with-dsym";
				ENABLE_NS_ASSERTIONS = NO;
				ENABLE_STRICT_OBJC_MSGSEND = YES;
				GCC_C_LANGUAGE_STANDARD = gnu11;
				GCC_NO_COMMON_BLOCKS = YES;
				GCC_WARN_64_TO_32_BIT_CONVERSION = YES;
				GCC_WARN_ABOUT_RETURN_TYPE = YES_ERROR;
				GCC_WARN_UNDECLARED_SELECTOR = YES;
				GCC_WARN_UNINITIALIZED_AUTOS = YES_AGGRESSIVE;
				GCC_WARN_UNUSED_FUNCTION = YES;
				GCC_WARN_UNUSED_VARIABLE = YES;
				IPHONEOS_DEPLOYMENT_TARGET = 16.4;
				MTL_ENABLE_DEBUG_INFO = NO;
				MTL_FAST_MATH = YES;
				SDKROOT = iphoneos;
				SWIFT_COMPILATION_MODE = wholemodule;
				SWIFT_OPTIMIZATION_LEVEL = "-O";
				VALIDATE_PRODUCT = YES;
			};
			name = Release;
		};
		AD23F6D029F049E5002B692F /* Debug */ = {
			isa = XCBuildConfiguration;
			baseConfigurationReference = 5A58ED1A1A842FA143F477EC /* Pods-SomnumTracker.debug.xcconfig */;
			buildSettings = {
				ASSETCATALOG_COMPILER_APPICON_NAME = AppIcon;
				ASSETCATALOG_COMPILER_GLOBAL_ACCENT_COLOR_NAME = AccentColor;
				CODE_SIGN_STYLE = Automatic;
				CURRENT_PROJECT_VERSION = 1;
				DEVELOPMENT_TEAM = UJ8245Z3MQ;
				GENERATE_INFOPLIST_FILE = YES;
				INFOPLIST_FILE = SomnumTracker/Info.plist;
				INFOPLIST_KEY_CFBundleDisplayName = SomnumTracker;
				INFOPLIST_KEY_LSApplicationCategoryType = "public.app-category.healthcare-fitness";
				INFOPLIST_KEY_UIApplicationSupportsIndirectInputEvents = YES;
				INFOPLIST_KEY_UILaunchStoryboardName = LaunchScreen;
				INFOPLIST_KEY_UIMainStoryboardFile = Main;
				INFOPLIST_KEY_UISupportedInterfaceOrientations = UIInterfaceOrientationPortrait;
				INFOPLIST_KEY_UISupportedInterfaceOrientations_iPad = "UIInterfaceOrientationPortrait UIInterfaceOrientationPortraitUpsideDown";
				IPHONEOS_DEPLOYMENT_TARGET = 16.0;
				LD_RUNPATH_SEARCH_PATHS = (
					"$(inherited)",
					"@executable_path/Frameworks",
				);
				MARKETING_VERSION = 1.0;
				PRODUCT_BUNDLE_IDENTIFIER = com.anthonydev.SomnumTracker;
				PRODUCT_NAME = "$(TARGET_NAME)";
				SWIFT_EMIT_LOC_STRINGS = YES;
				SWIFT_VERSION = 5.0;
				TARGETED_DEVICE_FAMILY = "1,2";
			};
			name = Debug;
		};
		AD23F6D129F049E5002B692F /* Release */ = {
			isa = XCBuildConfiguration;
			baseConfigurationReference = 677808D774C30E40DAC97B78 /* Pods-SomnumTracker.release.xcconfig */;
			buildSettings = {
				ASSETCATALOG_COMPILER_APPICON_NAME = AppIcon;
				ASSETCATALOG_COMPILER_GLOBAL_ACCENT_COLOR_NAME = AccentColor;
				CODE_SIGN_STYLE = Automatic;
				CURRENT_PROJECT_VERSION = 1;
				DEVELOPMENT_TEAM = UJ8245Z3MQ;
				GENERATE_INFOPLIST_FILE = YES;
				INFOPLIST_FILE = SomnumTracker/Info.plist;
				INFOPLIST_KEY_CFBundleDisplayName = SomnumTracker;
				INFOPLIST_KEY_LSApplicationCategoryType = "public.app-category.healthcare-fitness";
				INFOPLIST_KEY_UIApplicationSupportsIndirectInputEvents = YES;
				INFOPLIST_KEY_UILaunchStoryboardName = LaunchScreen;
				INFOPLIST_KEY_UIMainStoryboardFile = Main;
				INFOPLIST_KEY_UISupportedInterfaceOrientations = UIInterfaceOrientationPortrait;
				INFOPLIST_KEY_UISupportedInterfaceOrientations_iPad = "UIInterfaceOrientationPortrait UIInterfaceOrientationPortraitUpsideDown";
				IPHONEOS_DEPLOYMENT_TARGET = 16.0;
				LD_RUNPATH_SEARCH_PATHS = (
					"$(inherited)",
					"@executable_path/Frameworks",
				);
				MARKETING_VERSION = 1.0;
				PRODUCT_BUNDLE_IDENTIFIER = com.anthonydev.SomnumTracker;
				PRODUCT_NAME = "$(TARGET_NAME)";
				SWIFT_EMIT_LOC_STRINGS = YES;
				SWIFT_VERSION = 5.0;
				TARGETED_DEVICE_FAMILY = "1,2";
			};
			name = Release;
		};
		AD23F6D329F049E5002B692F /* Debug */ = {
			isa = XCBuildConfiguration;
			baseConfigurationReference = ACFD33C5358FA2118F8FC91C /* Pods-SomnumTrackerTests.debug.xcconfig */;
			buildSettings = {
				ALWAYS_EMBED_SWIFT_STANDARD_LIBRARIES = YES;
				BUNDLE_LOADER = "$(TEST_HOST)";
				CODE_SIGN_STYLE = Automatic;
				CURRENT_PROJECT_VERSION = 1;
				DEVELOPMENT_TEAM = UJ8245Z3MQ;
				GENERATE_INFOPLIST_FILE = YES;
				IPHONEOS_DEPLOYMENT_TARGET = 16.4;
				MARKETING_VERSION = 1.0;
				PRODUCT_BUNDLE_IDENTIFIER = com.anthonydev.SomnumTrackerTests;
				PRODUCT_NAME = "$(TARGET_NAME)";
				SWIFT_EMIT_LOC_STRINGS = NO;
				SWIFT_VERSION = 5.0;
				TARGETED_DEVICE_FAMILY = "1,2";
				TEST_HOST = "$(BUILT_PRODUCTS_DIR)/SomnumTracker.app/$(BUNDLE_EXECUTABLE_FOLDER_PATH)/SomnumTracker";
			};
			name = Debug;
		};
		AD23F6D429F049E5002B692F /* Release */ = {
			isa = XCBuildConfiguration;
			baseConfigurationReference = E78B2BD8C596B72087D3C5F8 /* Pods-SomnumTrackerTests.release.xcconfig */;
			buildSettings = {
				ALWAYS_EMBED_SWIFT_STANDARD_LIBRARIES = YES;
				BUNDLE_LOADER = "$(TEST_HOST)";
				CODE_SIGN_STYLE = Automatic;
				CURRENT_PROJECT_VERSION = 1;
				DEVELOPMENT_TEAM = UJ8245Z3MQ;
				GENERATE_INFOPLIST_FILE = YES;
				IPHONEOS_DEPLOYMENT_TARGET = 16.4;
				MARKETING_VERSION = 1.0;
				PRODUCT_BUNDLE_IDENTIFIER = com.anthonydev.SomnumTrackerTests;
				PRODUCT_NAME = "$(TARGET_NAME)";
				SWIFT_EMIT_LOC_STRINGS = NO;
				SWIFT_VERSION = 5.0;
				TARGETED_DEVICE_FAMILY = "1,2";
				TEST_HOST = "$(BUILT_PRODUCTS_DIR)/SomnumTracker.app/$(BUNDLE_EXECUTABLE_FOLDER_PATH)/SomnumTracker";
			};
			name = Release;
		};
		AD23F6D629F049E5002B692F /* Debug */ = {
			isa = XCBuildConfiguration;
			baseConfigurationReference = F1F768AD73CF790FB0B41F8C /* Pods-SomnumTracker-SomnumTrackerUITests.debug.xcconfig */;
			buildSettings = {
				ALWAYS_EMBED_SWIFT_STANDARD_LIBRARIES = YES;
				CODE_SIGN_STYLE = Automatic;
				CURRENT_PROJECT_VERSION = 1;
				DEVELOPMENT_TEAM = UJ8245Z3MQ;
				GENERATE_INFOPLIST_FILE = YES;
				MARKETING_VERSION = 1.0;
				PRODUCT_BUNDLE_IDENTIFIER = com.anthonydev.SomnumTrackerUITests;
				PRODUCT_NAME = "$(TARGET_NAME)";
				SWIFT_EMIT_LOC_STRINGS = NO;
				SWIFT_VERSION = 5.0;
				TARGETED_DEVICE_FAMILY = "1,2";
				TEST_TARGET_NAME = SomnumTracker;
			};
			name = Debug;
		};
		AD23F6D729F049E5002B692F /* Release */ = {
			isa = XCBuildConfiguration;
			baseConfigurationReference = 0101AA7AE235AF9661A6ED9F /* Pods-SomnumTracker-SomnumTrackerUITests.release.xcconfig */;
			buildSettings = {
				ALWAYS_EMBED_SWIFT_STANDARD_LIBRARIES = YES;
				CODE_SIGN_STYLE = Automatic;
				CURRENT_PROJECT_VERSION = 1;
				DEVELOPMENT_TEAM = UJ8245Z3MQ;
				GENERATE_INFOPLIST_FILE = YES;
				MARKETING_VERSION = 1.0;
				PRODUCT_BUNDLE_IDENTIFIER = com.anthonydev.SomnumTrackerUITests;
				PRODUCT_NAME = "$(TARGET_NAME)";
				SWIFT_EMIT_LOC_STRINGS = NO;
				SWIFT_VERSION = 5.0;
				TARGETED_DEVICE_FAMILY = "1,2";
				TEST_TARGET_NAME = SomnumTracker;
			};
			name = Release;
		};
/* End XCBuildConfiguration section */

/* Begin XCConfigurationList section */
		AD23F6A029F049E4002B692F /* Build configuration list for PBXProject "SomnumTracker" */ = {
			isa = XCConfigurationList;
			buildConfigurations = (
				AD23F6CD29F049E5002B692F /* Debug */,
				AD23F6CE29F049E5002B692F /* Release */,
			);
			defaultConfigurationIsVisible = 0;
			defaultConfigurationName = Release;
		};
		AD23F6CF29F049E5002B692F /* Build configuration list for PBXNativeTarget "SomnumTracker" */ = {
			isa = XCConfigurationList;
			buildConfigurations = (
				AD23F6D029F049E5002B692F /* Debug */,
				AD23F6D129F049E5002B692F /* Release */,
			);
			defaultConfigurationIsVisible = 0;
			defaultConfigurationName = Release;
		};
		AD23F6D229F049E5002B692F /* Build configuration list for PBXNativeTarget "SomnumTrackerTests" */ = {
			isa = XCConfigurationList;
			buildConfigurations = (
				AD23F6D329F049E5002B692F /* Debug */,
				AD23F6D429F049E5002B692F /* Release */,
			);
			defaultConfigurationIsVisible = 0;
			defaultConfigurationName = Release;
		};
		AD23F6D529F049E5002B692F /* Build configuration list for PBXNativeTarget "SomnumTrackerUITests" */ = {
			isa = XCConfigurationList;
			buildConfigurations = (
				AD23F6D629F049E5002B692F /* Debug */,
				AD23F6D729F049E5002B692F /* Release */,
			);
			defaultConfigurationIsVisible = 0;
			defaultConfigurationName = Release;
		};
/* End XCConfigurationList section */

/* Begin XCRemoteSwiftPackageReference section */
		ADBE1DD629F928A500B0EB48 /* XCRemoteSwiftPackageReference "SnapKit.git" */ = {
			isa = XCRemoteSwiftPackageReference;
			repositoryURL = "https://github.com/SnapKit/SnapKit.git";
			requirement = {
				kind = upToNextMajorVersion;
				minimumVersion = 5.0.0;
			};
		};
/* End XCRemoteSwiftPackageReference section */

/* Begin XCSwiftPackageProductDependency section */
		ADBE1DD729F928A500B0EB48 /* SnapKit */ = {
			isa = XCSwiftPackageProductDependency;
			package = ADBE1DD629F928A500B0EB48 /* XCRemoteSwiftPackageReference "SnapKit.git" */;
			productName = SnapKit;
		};
/* End XCSwiftPackageProductDependency section */
	};
	rootObject = AD23F69D29F049E4002B692F /* Project object */;
}
